// !$*UTF8*$!
{
	archiveVersion = 1;
	classes = {
	};
	objectVersion = 46;
	objects = {

/* Begin PBXBuildFile section */
		A304B2B81B5930D800281634 /* main.swift in Sources */ = {isa = PBXBuildFile; fileRef = A304B2B71B5930D800281634 /* main.swift */; };
		A304B2BF1B59310200281634 /* Clinic.swift in Sources */ = {isa = PBXBuildFile; fileRef = A304B2BE1B59310200281634 /* Clinic.swift */; };
		A304B2C11B5931D800281634 /* Doctor.swift in Sources */ = {isa = PBXBuildFile; fileRef = A304B2C01B5931D800281634 /* Doctor.swift */; };
		A304B2C31B5931E200281634 /* Person.swift in Sources */ = {isa = PBXBuildFile; fileRef = A304B2C21B5931E200281634 /* Person.swift */; };
		A304B2C51B59336300281634 /* ClinicError.swift in Sources */ = {isa = PBXBuildFile; fileRef = A304B2C41B59336300281634 /* ClinicError.swift */; };
/* End PBXBuildFile section */

/* Begin PBXCopyFilesBuildPhase section */
		A304B2B21B5930D800281634 /* CopyFiles */ = {
			isa = PBXCopyFilesBuildPhase;
			buildActionMask = 2147483647;
			dstPath = /usr/share/man/man1/;
			dstSubfolderSpec = 0;
			files = (
			);
			runOnlyForDeploymentPostprocessing = 1;
		};
/* End PBXCopyFilesBuildPhase section */

/* Begin PBXFileReference section */
		A304B2B41B5930D800281634 /* Clinic */ = {isa = PBXFileReference; explicitFileType = "compiled.mach-o.executable"; includeInIndex = 0; path = Clinic; sourceTree = BUILT_PRODUCTS_DIR; };
		A304B2B71B5930D800281634 /* main.swift */ = {isa = PBXFileReference; lastKnownFileType = sourcecode.swift; name = main.swift; path = Clinic/main.swift; sourceTree = "<group>"; };
		A304B2BE1B59310200281634 /* Clinic.swift */ = {isa = PBXFileReference; fileEncoding = 4; lastKnownFileType = sourcecode.swift; path = Clinic.swift; sourceTree = "<group>"; };
		A304B2C01B5931D800281634 /* Doctor.swift */ = {isa = PBXFileReference; fileEncoding = 4; lastKnownFileType = sourcecode.swift; path = Doctor.swift; sourceTree = "<group>"; };
		A304B2C21B5931E200281634 /* Person.swift */ = {isa = PBXFileReference; fileEncoding = 4; lastKnownFileType = sourcecode.swift; path = Person.swift; sourceTree = "<group>"; };
		A304B2C41B59336300281634 /* ClinicError.swift */ = {isa = PBXFileReference; fileEncoding = 4; lastKnownFileType = sourcecode.swift; path = ClinicError.swift; sourceTree = "<group>"; };
/* End PBXFileReference section */

/* Begin PBXFrameworksBuildPhase section */
		A304B2B11B5930D800281634 /* Frameworks */ = {
			isa = PBXFrameworksBuildPhase;
			buildActionMask = 2147483647;
			files = (
			);
			runOnlyForDeploymentPostprocessing = 0;
		};
/* End PBXFrameworksBuildPhase section */

/* Begin PBXGroup section */
		A304B2AB1B5930D800281634 = {
			isa = PBXGroup;
			children = (
				A304B2B71B5930D800281634 /* main.swift */,
				A304B2B61B5930D800281634 /* Clinic */,
				A304B2B51B5930D800281634 /* Products */,
			);
			sourceTree = "<group>";
		};
		A304B2B51B5930D800281634 /* Products */ = {
			isa = PBXGroup;
			children = (
				A304B2B41B5930D800281634 /* Clinic */,
			);
			name = Products;
			sourceTree = "<group>";
		};
		A304B2B61B5930D800281634 /* Clinic */ = {
			isa = PBXGroup;
			children = (
				A304B2BE1B59310200281634 /* Clinic.swift */,
				A304B2C01B5931D800281634 /* Doctor.swift */,
				A304B2C21B5931E200281634 /* Person.swift */,
				A304B2C41B59336300281634 /* ClinicError.swift */,
			);
			path = Clinic;
			sourceTree = "<group>";
		};
/* End PBXGroup section */

/* Begin PBXNativeTarget section */
		A304B2B31B5930D800281634 /* Clinic */ = {
			isa = PBXNativeTarget;
			buildConfigurationList = A304B2BB1B5930D800281634 /* Build configuration list for PBXNativeTarget "Clinic" */;
			buildPhases = (
				A304B2B01B5930D800281634 /* Sources */,
				A304B2B11B5930D800281634 /* Frameworks */,
				A304B2B21B5930D800281634 /* CopyFiles */,
			);
			buildRules = (
			);
			dependencies = (
			);
			name = Clinic;
			productName = Clinic;
			productReference = A304B2B41B5930D800281634 /* Clinic */;
			productType = "com.apple.product-type.tool";
		};
/* End PBXNativeTarget section */

/* Begin PBXProject section */
		A304B2AC1B5930D800281634 /* Project object */ = {
			isa = PBXProject;
			attributes = {
				LastSwiftMigration = 0700;
				LastSwiftUpdateCheck = 0700;
				LastUpgradeCheck = 0700;
				ORGANIZATIONNAME = "Luca Mezzatesta";
				TargetAttributes = {
					A304B2B31B5930D800281634 = {
						CreatedOnToolsVersion = 6.4;
					};
				};
			};
			buildConfigurationList = A304B2AF1B5930D800281634 /* Build configuration list for PBXProject "Clinic" */;
			compatibilityVersion = "Xcode 3.2";
			developmentRegion = English;
			hasScannedForEncodings = 0;
			knownRegions = (
				en,
			);
			mainGroup = A304B2AB1B5930D800281634;
			productRefGroup = A304B2B51B5930D800281634 /* Products */;
			projectDirPath = "";
			projectRoot = "";
			targets = (
				A304B2B31B5930D800281634 /* Clinic */,
			);
		};
/* End PBXProject section */

/* Begin PBXSourcesBuildPhase section */
		A304B2B01B5930D800281634 /* Sources */ = {
			isa = PBXSourcesBuildPhase;
			buildActionMask = 2147483647;
			files = (
				A304B2C51B59336300281634 /* ClinicError.swift in Sources */,
				A304B2B81B5930D800281634 /* main.swift in Sources */,
				A304B2BF1B59310200281634 /* Clinic.swift in Sources */,
				A304B2C31B5931E200281634 /* Person.swift in Sources */,
				A304B2C11B5931D800281634 /* Doctor.swift in Sources */,
			);
			runOnlyForDeploymentPostprocessing = 0;
		};
/* End PBXSourcesBuildPhase section */

/* Begin XCBuildConfiguration section */
		A304B2B91B5930D800281634 /* Debug */ = {
			isa = XCBuildConfiguration;
			buildSettings = {
				ALWAYS_SEARCH_USER_PATHS = NO;
				CLANG_CXX_LANGUAGE_STANDARD = "gnu++0x";
				CLANG_CXX_LIBRARY = "libc++";
				CLANG_ENABLE_MODULES = YES;
				CLANG_ENABLE_OBJC_ARC = YES;
				CLANG_WARN_BOOL_CONVERSION = YES;
				CLANG_WARN_CONSTANT_CONVERSION = YES;
				CLANG_WARN_DIRECT_OBJC_ISA_USAGE = YES_ERROR;
				CLANG_WARN_EMPTY_BODY = YES;
				CLANG_WARN_ENUM_CONVERSION = YES;
				CLANG_WARN_INT_CONVERSION = YES;
				CLANG_WARN_OBJC_ROOT_CLASS = YES_ERROR;
				CLANG_WARN_UNREACHABLE_CODE = YES;
				CLANG_WARN__DUPLICATE_METHOD_MATCH = YES;
				COPY_PHASE_STRIP = NO;
				DEBUG_INFORMATION_FORMAT = dwarf;
				ENABLE_STRICT_OBJC_MSGSEND = YES;
				ENABLE_TESTABILITY = YES;
				GCC_C_LANGUAGE_STANDARD = gnu99;
				GCC_DYNAMIC_NO_PIC = NO;
				GCC_NO_COMMON_BLOCKS = YES;
				GCC_OPTIMIZATION_LEVEL = 0;
				GCC_PREPROCESSOR_DEFINITIONS = (
					"DEBUG=1",
					"$(inherited)",
				);
				GCC_SYMBOLS_PRIVATE_EXTERN = NO;
				GCC_WARN_64_TO_32_BIT_CONVERSION = YES;
				GCC_WARN_ABOUT_RETURN_TYPE = YES_ERROR;
				GCC_WARN_UNDECLARED_SELECTOR = YES;
				GCC_WARN_UNINITIALIZED_AUTOS = YES_AGGRESSIVE;
				GCC_WARN_UNUSED_FUNCTION = YES;
				GCC_WARN_UNUSED_VARIABLE = YES;
				MACOSX_DEPLOYMENT_TARGET = 10.10;
				MTL_ENABLE_DEBUG_INFO = YES;
				ONLY_ACTIVE_ARCH = YES;
				SDKROOT = macosx;
				SWIFT_OPTIMIZATION_LEVEL = "-Onone";
			};
			name = Debug;
		};
		A304B2BA1B5930D800281634 /* Release */ = {
			isa = XCBuildConfiguration;
			buildSettings = {
				ALWAYS_SEARCH_USER_PATHS = NO;
				CLANG_CXX_LANGUAGE_STANDARD = "gnu++0x";
				CLANG_CXX_LIBRARY = "libc++";
				CLANG_ENABLE_MODULES = YES;
				CLANG_ENABLE_OBJC_ARC = YES;
				CLANG_WARN_BOOL_CONVERSION = YES;
				CLANG_WARN_CONSTANT_CONVERSION = YES;
				CLANG_WARN_DIRECT_OBJC_ISA_USAGE = YES_ERROR;
				CLANG_WARN_EMPTY_BODY = YES;
				CLANG_WARN_ENUM_CONVERSION = YES;
				CLANG_WARN_INT_CONVERSION = YES;
				CLANG_WARN_OBJC_ROOT_CLASS = YES_ERROR;
				CLANG_WARN_UNREACHABLE_CODE = YES;
				CLANG_WARN__DUPLICATE_METHOD_MATCH = YES;
				COPY_PHASE_STRIP = NO;
				DEBUG_INFORMATION_FORMAT = "dwarf-with-dsym";
				ENABLE_NS_ASSERTIONS = NO;
				ENABLE_STRICT_OBJC_MSGSEND = YES;
				GCC_C_LANGUAGE_STANDARD = gnu99;
				GCC_NO_COMMON_BLOCKS = YES;
				GCC_WARN_64_TO_32_BIT_CONVERSION = YES;
				GCC_WARN_ABOUT_RETURN_TYPE = YES_ERROR;
				GCC_WARN_UNDECLARED_SELECTOR = YES;
				GCC_WARN_UNINITIALIZED_AUTOS = YES_AGGRESSIVE;
				GCC_WARN_UNUSED_FUNCTION = YES;
				GCC_WARN_UNUSED_VARIABLE = YES;
				MACOSX_DEPLOYMENT_TARGET = 10.10;
				MTL_ENABLE_DEBUG_INFO = NO;
				SDKROOT = macosx;
			};
			name = Release;
		};
		A304B2BC1B5930D800281634 /* Debug */ = {
			isa = XCBuildConfiguration;
			buildSettings = {
				PRODUCT_NAME = "$(TARGET_NAME)";
			};
			name = Debug;
		};
		A304B2BD1B5930D800281634 /* Release */ = {
			isa = XCBuildConfiguration;
			buildSettings = {
				PRODUCT_NAME = "$(TARGET_NAME)";
			};
			name = Release;
		};
/* End XCBuildConfiguration section */

/* Begin XCConfigurationList section */
		A304B2AF1B5930D800281634 /* Build configuration list for PBXProject "Clinic" */ = {
			isa = XCConfigurationList;
			buildConfigurations = (
				A304B2B91B5930D800281634 /* Debug */,
				A304B2BA1B5930D800281634 /* Release */,
			);
			defaultConfigurationIsVisible = 0;
			defaultConfigurationName = Release;
		};
		A304B2BB1B5930D800281634 /* Build configuration list for PBXNativeTarget "Clinic" */ = {
			isa = XCConfigurationList;
			buildConfigurations = (
				A304B2BC1B5930D800281634 /* Debug */,
				A304B2BD1B5930D800281634 /* Release */,
			);
			defaultConfigurationIsVisible = 0;
			defaultConfigurationName = Release;
		};
/* End XCConfigurationList section */
	};
	rootObject = A304B2AC1B5930D800281634 /* Project object */;
}
