// !$*UTF8*$!
{
	archiveVersion = 1;
	classes = {
	};
	objectVersion = 46;
	objects = {

/* Begin PBXBuildFile section */
		A304B27A1B56E79800281634 /* main.swift in Sources */ = {isa = PBXBuildFile; fileRef = A304B2791B56E79800281634 /* main.swift */; };
		A304B2811B56E7AE00281634 /* HSystem.swift in Sources */ = {isa = PBXBuildFile; fileRef = A304B2801B56E7AE00281634 /* HSystem.swift */; };
		A304B2831B56E93C00281634 /* Element.swift in Sources */ = {isa = PBXBuildFile; fileRef = A304B2821B56E93C00281634 /* Element.swift */; };
		A304B2851B56EA7700281634 /* Sink.swift in Sources */ = {isa = PBXBuildFile; fileRef = A304B2841B56EA7700281634 /* Sink.swift */; };
		A304B2871B56EB0E00281634 /* Source.swift in Sources */ = {isa = PBXBuildFile; fileRef = A304B2861B56EB0E00281634 /* Source.swift */; };
		A304B2891B56EB2700281634 /* Split.swift in Sources */ = {isa = PBXBuildFile; fileRef = A304B2881B56EB2700281634 /* Split.swift */; };
		A304B28B1B56EB3F00281634 /* Tap.swift in Sources */ = {isa = PBXBuildFile; fileRef = A304B28A1B56EB3F00281634 /* Tap.swift */; };
/* End PBXBuildFile section */

/* Begin PBXCopyFilesBuildPhase section */
		A304B2741B56E79800281634 /* CopyFiles */ = {
			isa = PBXCopyFilesBuildPhase;
			buildActionMask = 2147483647;
			dstPath = /usr/share/man/man1/;
			dstSubfolderSpec = 0;
			files = (
			);
			runOnlyForDeploymentPostprocessing = 1;
		};
/* End PBXCopyFilesBuildPhase section */

/* Begin PBXFileReference section */
		A304B2761B56E79800281634 /* Hydraulics */ = {isa = PBXFileReference; explicitFileType = "compiled.mach-o.executable"; includeInIndex = 0; path = Hydraulics; sourceTree = BUILT_PRODUCTS_DIR; };
		A304B2791B56E79800281634 /* main.swift */ = {isa = PBXFileReference; lastKnownFileType = sourcecode.swift; name = main.swift; path = Hydraulics/main.swift; sourceTree = "<group>"; };
		A304B2801B56E7AE00281634 /* HSystem.swift */ = {isa = PBXFileReference; fileEncoding = 4; lastKnownFileType = sourcecode.swift; path = HSystem.swift; sourceTree = "<group>"; };
		A304B2821B56E93C00281634 /* Element.swift */ = {isa = PBXFileReference; fileEncoding = 4; lastKnownFileType = sourcecode.swift; path = Element.swift; sourceTree = "<group>"; };
		A304B2841B56EA7700281634 /* Sink.swift */ = {isa = PBXFileReference; fileEncoding = 4; lastKnownFileType = sourcecode.swift; path = Sink.swift; sourceTree = "<group>"; };
		A304B2861B56EB0E00281634 /* Source.swift */ = {isa = PBXFileReference; fileEncoding = 4; lastKnownFileType = sourcecode.swift; path = Source.swift; sourceTree = "<group>"; };
		A304B2881B56EB2700281634 /* Split.swift */ = {isa = PBXFileReference; fileEncoding = 4; lastKnownFileType = sourcecode.swift; path = Split.swift; sourceTree = "<group>"; };
		A304B28A1B56EB3F00281634 /* Tap.swift */ = {isa = PBXFileReference; fileEncoding = 4; lastKnownFileType = sourcecode.swift; path = Tap.swift; sourceTree = "<group>"; };
/* End PBXFileReference section */

/* Begin PBXFrameworksBuildPhase section */
		A304B2731B56E79800281634 /* Frameworks */ = {
			isa = PBXFrameworksBuildPhase;
			buildActionMask = 2147483647;
			files = (
			);
			runOnlyForDeploymentPostprocessing = 0;
		};
/* End PBXFrameworksBuildPhase section */

/* Begin PBXGroup section */
		A304B26D1B56E79800281634 = {
			isa = PBXGroup;
			children = (
				A304B2791B56E79800281634 /* main.swift */,
				A304B2781B56E79800281634 /* Hydraulics */,
				A304B2771B56E79800281634 /* Products */,
			);
			sourceTree = "<group>";
		};
		A304B2771B56E79800281634 /* Products */ = {
			isa = PBXGroup;
			children = (
				A304B2761B56E79800281634 /* Hydraulics */,
			);
			name = Products;
			sourceTree = "<group>";
		};
		A304B2781B56E79800281634 /* Hydraulics */ = {
			isa = PBXGroup;
			children = (
				A304B2801B56E7AE00281634 /* HSystem.swift */,
				A304B2821B56E93C00281634 /* Element.swift */,
				A304B2841B56EA7700281634 /* Sink.swift */,
				A304B2861B56EB0E00281634 /* Source.swift */,
				A304B2881B56EB2700281634 /* Split.swift */,
				A304B28A1B56EB3F00281634 /* Tap.swift */,
			);
			path = Hydraulics;
			sourceTree = "<group>";
		};
/* End PBXGroup section */

/* Begin PBXNativeTarget section */
		A304B2751B56E79800281634 /* Hydraulics */ = {
			isa = PBXNativeTarget;
			buildConfigurationList = A304B27D1B56E79800281634 /* Build configuration list for PBXNativeTarget "Hydraulics" */;
			buildPhases = (
				A304B2721B56E79800281634 /* Sources */,
				A304B2731B56E79800281634 /* Frameworks */,
				A304B2741B56E79800281634 /* CopyFiles */,
			);
			buildRules = (
			);
			dependencies = (
			);
			name = Hydraulics;
			productName = Hydraulics;
			productReference = A304B2761B56E79800281634 /* Hydraulics */;
			productType = "com.apple.product-type.tool";
		};
/* End PBXNativeTarget section */

/* Begin PBXProject section */
		A304B26E1B56E79800281634 /* Project object */ = {
			isa = PBXProject;
			attributes = {
				LastSwiftUpdateCheck = 0700;
				LastUpgradeCheck = 0700;
				ORGANIZATIONNAME = "Luca Mezzatesta";
				TargetAttributes = {
					A304B2751B56E79800281634 = {
						CreatedOnToolsVersion = 6.4;
					};
				};
			};
			buildConfigurationList = A304B2711B56E79800281634 /* Build configuration list for PBXProject "Hydraulics" */;
			compatibilityVersion = "Xcode 3.2";
			developmentRegion = English;
			hasScannedForEncodings = 0;
			knownRegions = (
				en,
			);
			mainGroup = A304B26D1B56E79800281634;
			productRefGroup = A304B2771B56E79800281634 /* Products */;
			projectDirPath = "";
			projectRoot = "";
			targets = (
				A304B2751B56E79800281634 /* Hydraulics */,
			);
		};
/* End PBXProject section */

/* Begin PBXSourcesBuildPhase section */
		A304B2721B56E79800281634 /* Sources */ = {
			isa = PBXSourcesBuildPhase;
			buildActionMask = 2147483647;
			files = (
				A304B27A1B56E79800281634 /* main.swift in Sources */,
				A304B2811B56E7AE00281634 /* HSystem.swift in Sources */,
				A304B2851B56EA7700281634 /* Sink.swift in Sources */,
				A304B2871B56EB0E00281634 /* Source.swift in Sources */,
				A304B2891B56EB2700281634 /* Split.swift in Sources */,
				A304B2831B56E93C00281634 /* Element.swift in Sources */,
				A304B28B1B56EB3F00281634 /* Tap.swift in Sources */,
			);
			runOnlyForDeploymentPostprocessing = 0;
		};
/* End PBXSourcesBuildPhase section */

/* Begin XCBuildConfiguration section */
		A304B27B1B56E79800281634 /* Debug */ = {
			isa = XCBuildConfiguration;
			buildSettings = {
				ALWAYS_SEARCH_USER_PATHS = NO;
				CLANG_CXX_LANGUAGE_STANDARD = "gnu++0x";
				CLANG_CXX_LIBRARY = "libc++";
				CLANG_ENABLE_MODULES = YES;
				CLANG_ENABLE_OBJC_ARC = YES;
				CLANG_WARN_BOOL_CONVERSION = YES;
				CLANG_WARN_CONSTANT_CONVERSION = YES;
				CLANG_WARN_DIRECT_OBJC_ISA_USAGE = YES_ERROR;
				CLANG_WARN_EMPTY_BODY = YES;
				CLANG_WARN_ENUM_CONVERSION = YES;
				CLANG_WARN_INT_CONVERSION = YES;
				CLANG_WARN_OBJC_ROOT_CLASS = YES_ERROR;
				CLANG_WARN_UNREACHABLE_CODE = YES;
				CLANG_WARN__DUPLICATE_METHOD_MATCH = YES;
				COPY_PHASE_STRIP = NO;
				DEBUG_INFORMATION_FORMAT = dwarf;
				ENABLE_STRICT_OBJC_MSGSEND = YES;
				ENABLE_TESTABILITY = YES;
				GCC_C_LANGUAGE_STANDARD = gnu99;
				GCC_DYNAMIC_NO_PIC = NO;
				GCC_NO_COMMON_BLOCKS = YES;
				GCC_OPTIMIZATION_LEVEL = 0;
				GCC_PREPROCESSOR_DEFINITIONS = (
					"DEBUG=1",
					"$(inherited)",
				);
				GCC_SYMBOLS_PRIVATE_EXTERN = NO;
				GCC_WARN_64_TO_32_BIT_CONVERSION = YES;
				GCC_WARN_ABOUT_RETURN_TYPE = YES_ERROR;
				GCC_WARN_UNDECLARED_SELECTOR = YES;
				GCC_WARN_UNINITIALIZED_AUTOS = YES_AGGRESSIVE;
				GCC_WARN_UNUSED_FUNCTION = YES;
				GCC_WARN_UNUSED_VARIABLE = YES;
				MACOSX_DEPLOYMENT_TARGET = 10.10;
				MTL_ENABLE_DEBUG_INFO = YES;
				ONLY_ACTIVE_ARCH = YES;
				SDKROOT = macosx;
				SWIFT_OPTIMIZATION_LEVEL = "-Onone";
			};
			name = Debug;
		};
		A304B27C1B56E79800281634 /* Release */ = {
			isa = XCBuildConfiguration;
			buildSettings = {
				ALWAYS_SEARCH_USER_PATHS = NO;
				CLANG_CXX_LANGUAGE_STANDARD = "gnu++0x";
				CLANG_CXX_LIBRARY = "libc++";
				CLANG_ENABLE_MODULES = YES;
				CLANG_ENABLE_OBJC_ARC = YES;
				CLANG_WARN_BOOL_CONVERSION = YES;
				CLANG_WARN_CONSTANT_CONVERSION = YES;
				CLANG_WARN_DIRECT_OBJC_ISA_USAGE = YES_ERROR;
				CLANG_WARN_EMPTY_BODY = YES;
				CLANG_WARN_ENUM_CONVERSION = YES;
				CLANG_WARN_INT_CONVERSION = YES;
				CLANG_WARN_OBJC_ROOT_CLASS = YES_ERROR;
				CLANG_WARN_UNREACHABLE_CODE = YES;
				CLANG_WARN__DUPLICATE_METHOD_MATCH = YES;
				COPY_PHASE_STRIP = NO;
				DEBUG_INFORMATION_FORMAT = "dwarf-with-dsym";
				ENABLE_NS_ASSERTIONS = NO;
				ENABLE_STRICT_OBJC_MSGSEND = YES;
				GCC_C_LANGUAGE_STANDARD = gnu99;
				GCC_NO_COMMON_BLOCKS = YES;
				GCC_WARN_64_TO_32_BIT_CONVERSION = YES;
				GCC_WARN_ABOUT_RETURN_TYPE = YES_ERROR;
				GCC_WARN_UNDECLARED_SELECTOR = YES;
				GCC_WARN_UNINITIALIZED_AUTOS = YES_AGGRESSIVE;
				GCC_WARN_UNUSED_FUNCTION = YES;
				GCC_WARN_UNUSED_VARIABLE = YES;
				MACOSX_DEPLOYMENT_TARGET = 10.10;
				MTL_ENABLE_DEBUG_INFO = NO;
				SDKROOT = macosx;
			};
			name = Release;
		};
		A304B27E1B56E79800281634 /* Debug */ = {
			isa = XCBuildConfiguration;
			buildSettings = {
				PRODUCT_NAME = "$(TARGET_NAME)";
			};
			name = Debug;
		};
		A304B27F1B56E79800281634 /* Release */ = {
			isa = XCBuildConfiguration;
			buildSettings = {
				PRODUCT_NAME = "$(TARGET_NAME)";
			};
			name = Release;
		};
/* End XCBuildConfiguration section */

/* Begin XCConfigurationList section */
		A304B2711B56E79800281634 /* Build configuration list for PBXProject "Hydraulics" */ = {
			isa = XCConfigurationList;
			buildConfigurations = (
				A304B27B1B56E79800281634 /* Debug */,
				A304B27C1B56E79800281634 /* Release */,
			);
			defaultConfigurationIsVisible = 0;
			defaultConfigurationName = Release;
		};
		A304B27D1B56E79800281634 /* Build configuration list for PBXNativeTarget "Hydraulics" */ = {
			isa = XCConfigurationList;
			buildConfigurations = (
				A304B27E1B56E79800281634 /* Debug */,
				A304B27F1B56E79800281634 /* Release */,
			);
			defaultConfigurationIsVisible = 0;
			defaultConfigurationName = Release;
		};
/* End XCConfigurationList section */
	};
	rootObject = A304B26E1B56E79800281634 /* Project object */;
}
