// !$*UTF8*$!
{
	archiveVersion = 1;
	classes = {
	};
	objectVersion = 46;
	objects = {

/* Begin PBXBuildFile section */
		A33ECD551B5D70750055F61E /* main.swift in Sources */ = {isa = PBXBuildFile; fileRef = A33ECD541B5D70750055F61E /* main.swift */; };
		A33ECD5C1B5D71280055F61E /* Person.swift in Sources */ = {isa = PBXBuildFile; fileRef = A33ECD5B1B5D71280055F61E /* Person.swift */; };
		A33ECD5E1B5D71370055F61E /* Social.swift in Sources */ = {isa = PBXBuildFile; fileRef = A33ECD5D1B5D71370055F61E /* Social.swift */; };
		A33ECD601B5D71770055F61E /* Errors.swift in Sources */ = {isa = PBXBuildFile; fileRef = A33ECD5F1B5D71770055F61E /* Errors.swift */; };
/* End PBXBuildFile section */

/* Begin PBXCopyFilesBuildPhase section */
		A33ECD4F1B5D70750055F61E /* CopyFiles */ = {
			isa = PBXCopyFilesBuildPhase;
			buildActionMask = 2147483647;
			dstPath = /usr/share/man/man1/;
			dstSubfolderSpec = 0;
			files = (
			);
			runOnlyForDeploymentPostprocessing = 1;
		};
/* End PBXCopyFilesBuildPhase section */

/* Begin PBXFileReference section */
		A33ECD511B5D70750055F61E /* Social */ = {isa = PBXFileReference; explicitFileType = "compiled.mach-o.executable"; includeInIndex = 0; path = Social; sourceTree = BUILT_PRODUCTS_DIR; };
		A33ECD541B5D70750055F61E /* main.swift */ = {isa = PBXFileReference; lastKnownFileType = sourcecode.swift; name = main.swift; path = Social/main.swift; sourceTree = "<group>"; };
		A33ECD5B1B5D71280055F61E /* Person.swift */ = {isa = PBXFileReference; fileEncoding = 4; lastKnownFileType = sourcecode.swift; path = Person.swift; sourceTree = "<group>"; };
		A33ECD5D1B5D71370055F61E /* Social.swift */ = {isa = PBXFileReference; fileEncoding = 4; lastKnownFileType = sourcecode.swift; path = Social.swift; sourceTree = "<group>"; };
		A33ECD5F1B5D71770055F61E /* Errors.swift */ = {isa = PBXFileReference; fileEncoding = 4; lastKnownFileType = sourcecode.swift; path = Errors.swift; sourceTree = "<group>"; };
/* End PBXFileReference section */

/* Begin PBXFrameworksBuildPhase section */
		A33ECD4E1B5D70750055F61E /* Frameworks */ = {
			isa = PBXFrameworksBuildPhase;
			buildActionMask = 2147483647;
			files = (
			);
			runOnlyForDeploymentPostprocessing = 0;
		};
/* End PBXFrameworksBuildPhase section */

/* Begin PBXGroup section */
		A33ECD481B5D70750055F61E = {
			isa = PBXGroup;
			children = (
				A33ECD541B5D70750055F61E /* main.swift */,
				A33ECD531B5D70750055F61E /* Social */,
				A33ECD521B5D70750055F61E /* Products */,
			);
			sourceTree = "<group>";
		};
		A33ECD521B5D70750055F61E /* Products */ = {
			isa = PBXGroup;
			children = (
				A33ECD511B5D70750055F61E /* Social */,
			);
			name = Products;
			sourceTree = "<group>";
		};
		A33ECD531B5D70750055F61E /* Social */ = {
			isa = PBXGroup;
			children = (
				A33ECD5B1B5D71280055F61E /* Person.swift */,
				A33ECD5D1B5D71370055F61E /* Social.swift */,
				A33ECD5F1B5D71770055F61E /* Errors.swift */,
			);
			path = Social;
			sourceTree = "<group>";
		};
/* End PBXGroup section */

/* Begin PBXNativeTarget section */
		A33ECD501B5D70750055F61E /* Social */ = {
			isa = PBXNativeTarget;
			buildConfigurationList = A33ECD581B5D70750055F61E /* Build configuration list for PBXNativeTarget "Social" */;
			buildPhases = (
				A33ECD4D1B5D70750055F61E /* Sources */,
				A33ECD4E1B5D70750055F61E /* Frameworks */,
				A33ECD4F1B5D70750055F61E /* CopyFiles */,
			);
			buildRules = (
			);
			dependencies = (
			);
			name = Social;
			productName = Social;
			productReference = A33ECD511B5D70750055F61E /* Social */;
			productType = "com.apple.product-type.tool";
		};
/* End PBXNativeTarget section */

/* Begin PBXProject section */
		A33ECD491B5D70750055F61E /* Project object */ = {
			isa = PBXProject;
			attributes = {
				LastSwiftMigration = 0700;
				LastSwiftUpdateCheck = 0700;
				LastUpgradeCheck = 0700;
				ORGANIZATIONNAME = "Luca Mezzatesta";
				TargetAttributes = {
					A33ECD501B5D70750055F61E = {
						CreatedOnToolsVersion = 6.4;
					};
				};
			};
			buildConfigurationList = A33ECD4C1B5D70750055F61E /* Build configuration list for PBXProject "Social" */;
			compatibilityVersion = "Xcode 3.2";
			developmentRegion = English;
			hasScannedForEncodings = 0;
			knownRegions = (
				en,
			);
			mainGroup = A33ECD481B5D70750055F61E;
			productRefGroup = A33ECD521B5D70750055F61E /* Products */;
			projectDirPath = "";
			projectRoot = "";
			targets = (
				A33ECD501B5D70750055F61E /* Social */,
			);
		};
/* End PBXProject section */

/* Begin PBXSourcesBuildPhase section */
		A33ECD4D1B5D70750055F61E /* Sources */ = {
			isa = PBXSourcesBuildPhase;
			buildActionMask = 2147483647;
			files = (
				A33ECD601B5D71770055F61E /* Errors.swift in Sources */,
				A33ECD5C1B5D71280055F61E /* Person.swift in Sources */,
				A33ECD551B5D70750055F61E /* main.swift in Sources */,
				A33ECD5E1B5D71370055F61E /* Social.swift in Sources */,
			);
			runOnlyForDeploymentPostprocessing = 0;
		};
/* End PBXSourcesBuildPhase section */

/* Begin XCBuildConfiguration section */
		A33ECD561B5D70750055F61E /* Debug */ = {
			isa = XCBuildConfiguration;
			buildSettings = {
				ALWAYS_SEARCH_USER_PATHS = NO;
				CLANG_CXX_LANGUAGE_STANDARD = "gnu++0x";
				CLANG_CXX_LIBRARY = "libc++";
				CLANG_ENABLE_MODULES = YES;
				CLANG_ENABLE_OBJC_ARC = YES;
				CLANG_WARN_BOOL_CONVERSION = YES;
				CLANG_WARN_CONSTANT_CONVERSION = YES;
				CLANG_WARN_DIRECT_OBJC_ISA_USAGE = YES_ERROR;
				CLANG_WARN_EMPTY_BODY = YES;
				CLANG_WARN_ENUM_CONVERSION = YES;
				CLANG_WARN_INT_CONVERSION = YES;
				CLANG_WARN_OBJC_ROOT_CLASS = YES_ERROR;
				CLANG_WARN_UNREACHABLE_CODE = YES;
				CLANG_WARN__DUPLICATE_METHOD_MATCH = YES;
				COPY_PHASE_STRIP = NO;
				DEBUG_INFORMATION_FORMAT = dwarf;
				ENABLE_STRICT_OBJC_MSGSEND = YES;
				ENABLE_TESTABILITY = YES;
				GCC_C_LANGUAGE_STANDARD = gnu99;
				GCC_DYNAMIC_NO_PIC = NO;
				GCC_NO_COMMON_BLOCKS = YES;
				GCC_OPTIMIZATION_LEVEL = 0;
				GCC_PREPROCESSOR_DEFINITIONS = (
					"DEBUG=1",
					"$(inherited)",
				);
				GCC_SYMBOLS_PRIVATE_EXTERN = NO;
				GCC_WARN_64_TO_32_BIT_CONVERSION = YES;
				GCC_WARN_ABOUT_RETURN_TYPE = YES_ERROR;
				GCC_WARN_UNDECLARED_SELECTOR = YES;
				GCC_WARN_UNINITIALIZED_AUTOS = YES_AGGRESSIVE;
				GCC_WARN_UNUSED_FUNCTION = YES;
				GCC_WARN_UNUSED_VARIABLE = YES;
				MACOSX_DEPLOYMENT_TARGET = 10.10;
				MTL_ENABLE_DEBUG_INFO = YES;
				ONLY_ACTIVE_ARCH = YES;
				SDKROOT = macosx;
				SWIFT_OPTIMIZATION_LEVEL = "-Onone";
			};
			name = Debug;
		};
		A33ECD571B5D70750055F61E /* Release */ = {
			isa = XCBuildConfiguration;
			buildSettings = {
				ALWAYS_SEARCH_USER_PATHS = NO;
				CLANG_CXX_LANGUAGE_STANDARD = "gnu++0x";
				CLANG_CXX_LIBRARY = "libc++";
				CLANG_ENABLE_MODULES = YES;
				CLANG_ENABLE_OBJC_ARC = YES;
				CLANG_WARN_BOOL_CONVERSION = YES;
				CLANG_WARN_CONSTANT_CONVERSION = YES;
				CLANG_WARN_DIRECT_OBJC_ISA_USAGE = YES_ERROR;
				CLANG_WARN_EMPTY_BODY = YES;
				CLANG_WARN_ENUM_CONVERSION = YES;
				CLANG_WARN_INT_CONVERSION = YES;
				CLANG_WARN_OBJC_ROOT_CLASS = YES_ERROR;
				CLANG_WARN_UNREACHABLE_CODE = YES;
				CLANG_WARN__DUPLICATE_METHOD_MATCH = YES;
				COPY_PHASE_STRIP = NO;
				DEBUG_INFORMATION_FORMAT = "dwarf-with-dsym";
				ENABLE_NS_ASSERTIONS = NO;
				ENABLE_STRICT_OBJC_MSGSEND = YES;
				GCC_C_LANGUAGE_STANDARD = gnu99;
				GCC_NO_COMMON_BLOCKS = YES;
				GCC_WARN_64_TO_32_BIT_CONVERSION = YES;
				GCC_WARN_ABOUT_RETURN_TYPE = YES_ERROR;
				GCC_WARN_UNDECLARED_SELECTOR = YES;
				GCC_WARN_UNINITIALIZED_AUTOS = YES_AGGRESSIVE;
				GCC_WARN_UNUSED_FUNCTION = YES;
				GCC_WARN_UNUSED_VARIABLE = YES;
				MACOSX_DEPLOYMENT_TARGET = 10.10;
				MTL_ENABLE_DEBUG_INFO = NO;
				SDKROOT = macosx;
			};
			name = Release;
		};
		A33ECD591B5D70750055F61E /* Debug */ = {
			isa = XCBuildConfiguration;
			buildSettings = {
				PRODUCT_NAME = "$(TARGET_NAME)";
			};
			name = Debug;
		};
		A33ECD5A1B5D70750055F61E /* Release */ = {
			isa = XCBuildConfiguration;
			buildSettings = {
				PRODUCT_NAME = "$(TARGET_NAME)";
			};
			name = Release;
		};
/* End XCBuildConfiguration section */

/* Begin XCConfigurationList section */
		A33ECD4C1B5D70750055F61E /* Build configuration list for PBXProject "Social" */ = {
			isa = XCConfigurationList;
			buildConfigurations = (
				A33ECD561B5D70750055F61E /* Debug */,
				A33ECD571B5D70750055F61E /* Release */,
			);
			defaultConfigurationIsVisible = 0;
			defaultConfigurationName = Release;
		};
		A33ECD581B5D70750055F61E /* Build configuration list for PBXNativeTarget "Social" */ = {
			isa = XCConfigurationList;
			buildConfigurations = (
				A33ECD591B5D70750055F61E /* Debug */,
				A33ECD5A1B5D70750055F61E /* Release */,
			);
			defaultConfigurationIsVisible = 0;
			defaultConfigurationName = Release;
		};
/* End XCConfigurationList section */
	};
	rootObject = A33ECD491B5D70750055F61E /* Project object */;
}
